{
  "name": "frontend",
  "version": "0.0.0",
  "lockfileVersion": 2,
  "requires": true,
  "packages": {
    "": {
      "name": "frontend",
      "version": "0.0.0",
      "dependencies": {
        "cytoscape": "^3.22.1",
        "microplugin": "^0.0.3",
        "sifter": "^0.5.4",
        "tom-select": "^2.1.0"
      },
      "devDependencies": {
        "vite": "^3.0.0"
      }
    },
    "node_modules/@esbuild/linux-loong64": {
      "version": "0.14.53",
      "resolved": "https://registry.npmjs.org/@esbuild/linux-loong64/-/linux-loong64-0.14.53.tgz",
      "integrity": "sha512-W2dAL6Bnyn4xa/QRSU3ilIK4EzD5wgYXKXJiS1HDF5vU3675qc2bvFyLwbUcdmssDveyndy7FbitrCoiV/eMLg==",
      "cpu": [
        "loong64"
      ],
      "dev": true,
      "optional": true,
      "os": [
        "linux"
      ],
      "engines": {
        "node": ">=12"
      }
    },
    "node_modules/@orchidjs/sifter": {
      "version": "0.9.3",
      "resolved": "https://registry.npmjs.org/@orchidjs/sifter/-/sifter-0.9.3.tgz",
      "integrity": "sha512-9XGiAJcWvEektxjR9X+dYeG+kg8GdojM6ZCmrnuDaWoVew+GAKxiesvYxyY+RLUgWTv8B1qpLIVYlswxKcW5XQ=="
    },
    "node_modules/cytoscape": {
      "version": "3.22.1",
      "resolved": "https://registry.npmjs.org/cytoscape/-/cytoscape-3.22.1.tgz",
      "integrity": "sha512-+wMWCXI+c6h7xhh0BQpttOPO7zIB7z6KyDd7D+8AkRhE9E6csXNnV5inBkdo2mxbBoll1jePVxXHqxA2J5cAog==",
      "dependencies": {
        "heap": "^0.2.6",
        "lodash": "^4.17.21"
      },
      "engines": {
        "node": ">=0.10"
      }
    },
    "node_modules/esbuild": {
      "version": "0.14.53",
      "resolved": "https://registry.npmjs.org/esbuild/-/esbuild-0.14.53.tgz",
      "integrity": "sha512-ohO33pUBQ64q6mmheX1mZ8mIXj8ivQY/L4oVuAshr+aJI+zLl+amrp3EodrUNDNYVrKJXGPfIHFGhO8slGRjuw==",
      "dev": true,
      "hasInstallScript": true,
      "bin": {
        "esbuild": "bin/esbuild"
      },
      "engines": {
        "node": ">=12"
      },
      "optionalDependencies": {
        "@esbuild/linux-loong64": "0.14.53",
        "esbuild-android-64": "0.14.53",
        "esbuild-android-arm64": "0.14.53",
        "esbuild-darwin-64": "0.14.53",
        "esbuild-darwin-arm64": "0.14.53",
        "esbuild-freebsd-64": "0.14.53",
        "esbuild-freebsd-arm64": "0.14.53",
        "esbuild-linux-32": "0.14.53",
        "esbuild-linux-64": "0.14.53",
        "esbuild-linux-arm": "0.14.53",
        "esbuild-linux-arm64": "0.14.53",
        "esbuild-linux-mips64le": "0.14.53",
        "esbuild-linux-ppc64le": "0.14.53",
        "esbuild-linux-riscv64": "0.14.53",
        "esbuild-linux-s390x": "0.14.53",
        "esbuild-netbsd-64": "0.14.53",
        "esbuild-openbsd-64": "0.14.53",
        "esbuild-sunos-64": "0.14.53",
        "esbuild-windows-32": "0.14.53",
        "esbuild-windows-64": "0.14.53",
        "esbuild-windows-arm64": "0.14.53"
      }
    },
    "node_modules/esbuild-android-64": {
      "version": "0.14.53",
      "resolved": "https://registry.npmjs.org/esbuild-android-64/-/esbuild-android-64-0.14.53.tgz",
      "integrity": "sha512-fIL93sOTnEU+NrTAVMIKiAw0YH22HWCAgg4N4Z6zov2t0kY9RAJ50zY9ZMCQ+RT6bnOfDt8gCTnt/RaSNA2yRA==",
      "cpu": [
        "x64"
      ],
      "dev": true,
      "optional": true,
      "os": [
        "android"
      ],
      "engines": {
        "node": ">=12"
      }
    },
    "node_modules/esbuild-android-arm64": {
      "version": "0.14.53",
      "resolved": "https://registry.npmjs.org/esbuild-android-arm64/-/esbuild-android-arm64-0.14.53.tgz",
      "integrity": "sha512-PC7KaF1v0h/nWpvlU1UMN7dzB54cBH8qSsm7S9mkwFA1BXpaEOufCg8hdoEI1jep0KeO/rjZVWrsH8+q28T77A==",
      "cpu": [
        "arm64"
      ],
      "dev": true,
      "optional": true,
      "os": [
        "android"
      ],
      "engines": {
        "node": ">=12"
      }
    },
    "node_modules/esbuild-darwin-64": {
      "version": "0.14.53",
      "resolved": "https://registry.npmjs.org/esbuild-darwin-64/-/esbuild-darwin-64-0.14.53.tgz",
      "integrity": "sha512-gE7P5wlnkX4d4PKvLBUgmhZXvL7lzGRLri17/+CmmCzfncIgq8lOBvxGMiQ4xazplhxq+72TEohyFMZLFxuWvg==",
      "cpu": [
        "x64"
      ],
      "dev": true,
      "optional": true,
      "os": [
        "darwin"
      ],
      "engines": {
        "node": ">=12"
      }
    },
    "node_modules/esbuild-darwin-arm64": {
      "version": "0.14.53",
      "resolved": "https://registry.npmjs.org/esbuild-darwin-arm64/-/esbuild-darwin-arm64-0.14.53.tgz",
      "integrity": "sha512-otJwDU3hnI15Q98PX4MJbknSZ/WSR1I45il7gcxcECXzfN4Mrpft5hBDHXNRnCh+5858uPXBXA1Vaz2jVWLaIA==",
      "cpu": [
        "arm64"
      ],
      "dev": true,
      "optional": true,
      "os": [
        "darwin"
      ],
      "engines": {
        "node": ">=12"
      }
    },
    "node_modules/esbuild-freebsd-64": {
      "version": "0.14.53",
      "resolved": "https://registry.npmjs.org/esbuild-freebsd-64/-/esbuild-freebsd-64-0.14.53.tgz",
      "integrity": "sha512-WkdJa8iyrGHyKiPF4lk0MiOF87Q2SkE+i+8D4Cazq3/iqmGPJ6u49je300MFi5I2eUsQCkaOWhpCVQMTKGww2w==",
      "cpu": [
        "x64"
      ],
      "dev": true,
      "optional": true,
      "os": [
        "freebsd"
      ],
      "engines": {
        "node": ">=12"
      }
    },
    "node_modules/esbuild-freebsd-arm64": {
      "version": "0.14.53",
      "resolved": "https://registry.npmjs.org/esbuild-freebsd-arm64/-/esbuild-freebsd-arm64-0.14.53.tgz",
      "integrity": "sha512-9T7WwCuV30NAx0SyQpw8edbKvbKELnnm1FHg7gbSYaatH+c8WJW10g/OdM7JYnv7qkimw2ZTtSA+NokOLd2ydQ==",
      "cpu": [
        "arm64"
      ],
      "dev": true,
      "optional": true,
      "os": [
        "freebsd"
      ],
      "engines": {
        "node": ">=12"
      }
    },
    "node_modules/esbuild-linux-32": {
      "version": "0.14.53",
      "resolved": "https://registry.npmjs.org/esbuild-linux-32/-/esbuild-linux-32-0.14.53.tgz",
      "integrity": "sha512-VGanLBg5en2LfGDgLEUxQko2lqsOS7MTEWUi8x91YmsHNyzJVT/WApbFFx3MQGhkf+XdimVhpyo5/G0PBY91zg==",
      "cpu": [
        "ia32"
      ],
      "dev": true,
      "optional": true,
      "os": [
        "linux"
      ],
      "engines": {
        "node": ">=12"
      }
    },
    "node_modules/esbuild-linux-64": {
      "version": "0.14.53",
      "resolved": "https://registry.npmjs.org/esbuild-linux-64/-/esbuild-linux-64-0.14.53.tgz",
      "integrity": "sha512-pP/FA55j/fzAV7N9DF31meAyjOH6Bjuo3aSKPh26+RW85ZEtbJv9nhoxmGTd9FOqjx59Tc1ZbrJabuiXlMwuZQ==",
      "cpu": [
        "x64"
      ],
      "dev": true,
      "optional": true,
      "os": [
        "linux"
      ],
      "engines": {
        "node": ">=12"
      }
    },
    "node_modules/esbuild-linux-arm": {
      "version": "0.14.53",
      "resolved": "https://registry.npmjs.org/esbuild-linux-arm/-/esbuild-linux-arm-0.14.53.tgz",
      "integrity": "sha512-/u81NGAVZMopbmzd21Nu/wvnKQK3pT4CrvQ8BTje1STXcQAGnfyKgQlj3m0j2BzYbvQxSy+TMck4TNV2onvoPA==",
      "cpu": [
        "arm"
      ],
      "dev": true,
      "optional": true,
      "os": [
        "linux"
      ],
      "engines": {
        "node": ">=12"
      }
    },
    "node_modules/esbuild-linux-arm64": {
      "version": "0.14.53",
      "resolved": "https://registry.npmjs.org/esbuild-linux-arm64/-/esbuild-linux-arm64-0.14.53.tgz",
      "integrity": "sha512-GDmWITT+PMsjCA6/lByYk7NyFssW4Q6in32iPkpjZ/ytSyH+xeEx8q7HG3AhWH6heemEYEWpTll/eui3jwlSnw==",
      "cpu": [
        "arm64"
      ],
      "dev": true,
      "optional": true,
      "os": [
        "linux"
      ],
      "engines": {
        "node": ">=12"
      }
    },
    "node_modules/esbuild-linux-mips64le": {
      "version": "0.14.53",
      "resolved": "https://registry.npmjs.org/esbuild-linux-mips64le/-/esbuild-linux-mips64le-0.14.53.tgz",
      "integrity": "sha512-d6/XHIQW714gSSp6tOOX2UscedVobELvQlPMkInhx1NPz4ThZI9uNLQ4qQJHGBGKGfu+rtJsxM4NVHLhnNRdWQ==",
      "cpu": [
        "mips64el"
      ],
      "dev": true,
      "optional": true,
      "os": [
        "linux"
      ],
      "engines": {
        "node": ">=12"
      }
    },
    "node_modules/esbuild-linux-ppc64le": {
      "version": "0.14.53",
      "resolved": "https://registry.npmjs.org/esbuild-linux-ppc64le/-/esbuild-linux-ppc64le-0.14.53.tgz",
      "integrity": "sha512-ndnJmniKPCB52m+r6BtHHLAOXw+xBCWIxNnedbIpuREOcbSU/AlyM/2dA3BmUQhsHdb4w3amD5U2s91TJ3MzzA==",
      "cpu": [
        "ppc64"
      ],
      "dev": true,
      "optional": true,
      "os": [
        "linux"
      ],
      "engines": {
        "node": ">=12"
      }
    },
    "node_modules/esbuild-linux-riscv64": {
      "version": "0.14.53",
      "resolved": "https://registry.npmjs.org/esbuild-linux-riscv64/-/esbuild-linux-riscv64-0.14.53.tgz",
      "integrity": "sha512-yG2sVH+QSix6ct4lIzJj329iJF3MhloLE6/vKMQAAd26UVPVkhMFqFopY+9kCgYsdeWvXdPgmyOuKa48Y7+/EQ==",
      "cpu": [
        "riscv64"
      ],
      "dev": true,
      "optional": true,
      "os": [
        "linux"
      ],
      "engines": {
        "node": ">=12"
      }
    },
    "node_modules/esbuild-linux-s390x": {
      "version": "0.14.53",
      "resolved": "https://registry.npmjs.org/esbuild-linux-s390x/-/esbuild-linux-s390x-0.14.53.tgz",
      "integrity": "sha512-OCJlgdkB+XPYndHmw6uZT7jcYgzmx9K+28PVdOa/eLjdoYkeAFvH5hTwX4AXGLZLH09tpl4bVsEtvuyUldaNCg==",
      "cpu": [
        "s390x"
      ],
      "dev": true,
      "optional": true,
      "os": [
        "linux"
      ],
      "engines": {
        "node": ">=12"
      }
    },
    "node_modules/esbuild-netbsd-64": {
      "version": "0.14.53",
      "resolved": "https://registry.npmjs.org/esbuild-netbsd-64/-/esbuild-netbsd-64-0.14.53.tgz",
      "integrity": "sha512-gp2SB+Efc7MhMdWV2+pmIs/Ja/Mi5rjw+wlDmmbIn68VGXBleNgiEZG+eV2SRS0kJEUyHNedDtwRIMzaohWedQ==",
      "cpu": [
        "x64"
      ],
      "dev": true,
      "optional": true,
      "os": [
        "netbsd"
      ],
      "engines": {
        "node": ">=12"
      }
    },
    "node_modules/esbuild-openbsd-64": {
      "version": "0.14.53",
      "resolved": "https://registry.npmjs.org/esbuild-openbsd-64/-/esbuild-openbsd-64-0.14.53.tgz",
      "integrity": "sha512-eKQ30ZWe+WTZmteDYg8S+YjHV5s4iTxeSGhJKJajFfQx9TLZJvsJX0/paqwP51GicOUruFpSUAs2NCc0a4ivQQ==",
      "cpu": [
        "x64"
      ],
      "dev": true,
      "optional": true,
      "os": [
        "openbsd"
      ],
      "engines": {
        "node": ">=12"
      }
    },
    "node_modules/esbuild-sunos-64": {
      "version": "0.14.53",
      "resolved": "https://registry.npmjs.org/esbuild-sunos-64/-/esbuild-sunos-64-0.14.53.tgz",
      "integrity": "sha512-OWLpS7a2FrIRukQqcgQqR1XKn0jSJoOdT+RlhAxUoEQM/IpytS3FXzCJM6xjUYtpO5GMY0EdZJp+ur2pYdm39g==",
      "cpu": [
        "x64"
      ],
      "dev": true,
      "optional": true,
      "os": [
        "sunos"
      ],
      "engines": {
        "node": ">=12"
      }
    },
    "node_modules/esbuild-windows-32": {
      "version": "0.14.53",
      "resolved": "https://registry.npmjs.org/esbuild-windows-32/-/esbuild-windows-32-0.14.53.tgz",
      "integrity": "sha512-m14XyWQP5rwGW0tbEfp95U6A0wY0DYPInWBB7D69FAXUpBpBObRoGTKRv36lf2RWOdE4YO3TNvj37zhXjVL5xg==",
      "cpu": [
        "ia32"
      ],
      "dev": true,
      "optional": true,
      "os": [
        "win32"
      ],
      "engines": {
        "node": ">=12"
      }
    },
    "node_modules/esbuild-windows-64": {
      "version": "0.14.53",
      "resolved": "https://registry.npmjs.org/esbuild-windows-64/-/esbuild-windows-64-0.14.53.tgz",
      "integrity": "sha512-s9skQFF0I7zqnQ2K8S1xdLSfZFsPLuOGmSx57h2btSEswv0N0YodYvqLcJMrNMXh6EynOmWD7rz+0rWWbFpIHQ==",
      "cpu": [
        "x64"
      ],
      "dev": true,
      "optional": true,
      "os": [
        "win32"
      ],
      "engines": {
        "node": ">=12"
      }
    },
    "node_modules/esbuild-windows-arm64": {
      "version": "0.14.53",
      "resolved": "https://registry.npmjs.org/esbuild-windows-arm64/-/esbuild-windows-arm64-0.14.53.tgz",
      "integrity": "sha512-E+5Gvb+ZWts+00T9II6wp2L3KG2r3iGxByqd/a1RmLmYWVsSVUjkvIxZuJ3hYTIbhLkH5PRwpldGTKYqVz0nzQ==",
      "cpu": [
        "arm64"
      ],
      "dev": true,
      "optional": true,
      "os": [
        "win32"
      ],
      "engines": {
        "node": ">=12"
      }
    },
    "node_modules/fsevents": {
      "version": "2.3.2",
      "resolved": "https://registry.npmjs.org/fsevents/-/fsevents-2.3.2.tgz",
      "integrity": "sha512-xiqMQR4xAeHTuB9uWm+fFRcIOgKBMiOBP+eXiyT7jsgVCq1bkVygt00oASowB7EdtpOHaaPgKt812P9ab+DDKA==",
      "dev": true,
      "hasInstallScript": true,
      "optional": true,
      "os": [
        "darwin"
      ],
      "engines": {
        "node": "^8.16.0 || ^10.6.0 || >=11.0.0"
      }
    },
    "node_modules/function-bind": {
      "version": "1.1.1",
      "resolved": "https://registry.npmjs.org/function-bind/-/function-bind-1.1.1.tgz",
      "integrity": "sha512-yIovAzMX49sF8Yl58fSCWJ5svSLuaibPxXQJFLmBObTuCr0Mf1KiPopGM9NiFjiYBCbfaa2Fh6breQ6ANVTI0A==",
      "dev": true
    },
    "node_modules/has": {
      "version": "1.0.3",
      "resolved": "https://registry.npmjs.org/has/-/has-1.0.3.tgz",
      "integrity": "sha512-f2dvO0VU6Oej7RkWJGrehjbzMAjFp5/VKPp5tTpWIV4JHHZK1/BxbFRtf/siA2SWTe09caDmVtYYzWEIbBS4zw==",
      "dev": true,
      "dependencies": {
        "function-bind": "^1.1.1"
      },
      "engines": {
        "node": ">= 0.4.0"
      }
    },
    "node_modules/heap": {
      "version": "0.2.7",
      "resolved": "https://registry.npmjs.org/heap/-/heap-0.2.7.tgz",
      "integrity": "sha512-2bsegYkkHO+h/9MGbn6KWcE45cHZgPANo5LXF7EvWdT0yT2EguSVO1nDgU5c8+ZOPwp2vMNa7YFsJhVcDR9Sdg=="
    },
    "node_modules/humanize": {
      "version": "0.0.9",
      "resolved": "https://registry.npmjs.org/humanize/-/humanize-0.0.9.tgz",
      "integrity": "sha512-bvZZ7vXpr1RKoImjuQ45hJb5OvE2oJafHysiD/AL3nkqTZH2hFCjQ3YZfCd63FefDitbJze/ispUPP0gfDsT2Q==",
      "engines": {
        "node": "*"
      }
    },
    "node_modules/is-core-module": {
      "version": "2.10.0",
      "resolved": "https://registry.npmjs.org/is-core-module/-/is-core-module-2.10.0.tgz",
      "integrity": "sha512-Erxj2n/LDAZ7H8WNJXd9tw38GYM3dv8rk8Zcs+jJuxYTW7sozH+SS8NtrSjVL1/vpLvWi1hxy96IzjJ3EHTJJg==",
      "dev": true,
      "dependencies": {
        "has": "^1.0.3"
      },
      "funding": {
        "url": "https://github.com/sponsors/ljharb"
      }
    },
    "node_modules/lodash": {
      "version": "4.17.21",
      "resolved": "https://registry.npmjs.org/lodash/-/lodash-4.17.21.tgz",
      "integrity": "sha512-v2kDEe57lecTulaDIuNTPy3Ry4gLGJ6Z1O3vE1krgXZNrsQ+LFTGHVxVjcXPs17LhbZVGedAJv8XZ1tvj5FvSg=="
    },
    "node_modules/microplugin": {
      "version": "0.0.3",
      "resolved": "https://registry.npmjs.org/microplugin/-/microplugin-0.0.3.tgz",
      "integrity": "sha512-3wKXex4/iyALV0GX2juow66J9dabkEMgHeZAihdLTaRTzm0N+RubXioNPpfIQDPuBRxr3JbjNt7B0Lr/3yE9yQ==",
      "engines": {
        "node": "*"
      }
    },
    "node_modules/minimist": {
      "version": "0.0.10",
      "resolved": "https://registry.npmjs.org/minimist/-/minimist-0.0.10.tgz",
      "integrity": "sha512-iotkTvxc+TwOm5Ieim8VnSNvCDjCK9S8G3scJ50ZthspSxa7jx50jkhYduuAtAjvfDUwSgOwf8+If99AlOEhyw=="
    },
    "node_modules/nanoid": {
      "version": "3.3.4",
      "resolved": "https://registry.npmjs.org/nanoid/-/nanoid-3.3.4.tgz",
      "integrity": "sha512-MqBkQh/OHTS2egovRtLk45wEyNXwF+cokD+1YPf9u5VfJiRdAiRwB2froX5Co9Rh20xs4siNPm8naNotSD6RBw==",
      "dev": true,
      "bin": {
        "nanoid": "bin/nanoid.cjs"
      },
      "engines": {
        "node": "^10 || ^12 || ^13.7 || ^14 || >=15.0.1"
      }
    },
    "node_modules/path-parse": {
      "version": "1.0.7",
      "resolved": "https://registry.npmjs.org/path-parse/-/path-parse-1.0.7.tgz",
      "integrity": "sha512-LDJzPVEEEPR+y48z93A0Ed0yXb8pAByGWo/k5YYdYgpY2/2EsOsksJrq7lOHxryrVOn1ejG6oAp8ahvOIQD8sw==",
      "dev": true
    },
    "node_modules/picocolors": {
      "version": "1.0.0",
      "resolved": "https://registry.npmjs.org/picocolors/-/picocolors-1.0.0.tgz",
      "integrity": "sha512-1fygroTLlHu66zi26VoTDv8yRgm0Fccecssto+MhsZ0D/DGW2sm8E8AjW7NU5VVTRt5GxbeZ5qBuJr+HyLYkjQ==",
      "dev": true
    },
    "node_modules/postcss": {
      "version": "8.4.14",
      "resolved": "https://registry.npmjs.org/postcss/-/postcss-8.4.14.tgz",
      "integrity": "sha512-E398TUmfAYFPBSdzgeieK2Y1+1cpdxJx8yXbK/m57nRhKSmk1GB2tO4lbLBtlkfPQTDKfe4Xqv1ASWPpayPEig==",
      "dev": true,
      "funding": [
        {
          "type": "opencollective",
          "url": "https://opencollective.com/postcss/"
        },
        {
          "type": "tidelift",
          "url": "https://tidelift.com/funding/github/npm/postcss"
        }
      ],
      "dependencies": {
        "nanoid": "^3.3.4",
        "picocolors": "^1.0.0",
        "source-map-js": "^1.0.2"
      },
      "engines": {
        "node": "^10 || ^12 || >=14"
      }
    },
    "node_modules/resolve": {
      "version": "1.22.1",
      "resolved": "https://registry.npmjs.org/resolve/-/resolve-1.22.1.tgz",
      "integrity": "sha512-nBpuuYuY5jFsli/JIs1oldw6fOQCBioohqWZg/2hiaOybXOft4lonv85uDOKXdf8rhyK159cxU5cDcK/NKk8zw==",
      "dev": true,
      "dependencies": {
        "is-core-module": "^2.9.0",
        "path-parse": "^1.0.7",
        "supports-preserve-symlinks-flag": "^1.0.0"
      },
      "bin": {
        "resolve": "bin/resolve"
      },
      "funding": {
        "url": "https://github.com/sponsors/ljharb"
      }
    },
    "node_modules/rollup": {
      "version": "2.77.2",
      "resolved": "https://registry.npmjs.org/rollup/-/rollup-2.77.2.tgz",
      "integrity": "sha512-m/4YzYgLcpMQbxX3NmAqDvwLATZzxt8bIegO78FZLl+lAgKJBd1DRAOeEiZcKOIOPjxE6ewHWHNgGEalFXuz1g==",
      "dev": true,
      "bin": {
        "rollup": "dist/bin/rollup"
      },
      "engines": {
        "node": ">=10.0.0"
      },
      "optionalDependencies": {
        "fsevents": "~2.3.2"
      }
    },
    "node_modules/sifter": {
      "version": "0.5.4",
      "resolved": "https://registry.npmjs.org/sifter/-/sifter-0.5.4.tgz",
      "integrity": "sha512-t2yxTi/MM/ESup7XH5oMu8PUcttlekt269RqxARgnvS+7D/oP6RyA1x3M/5w8dG9OgkOyQ8hNRWelQ8Rj4TAQQ==",
      "dependencies": {
        "async": "^2.6.0",
        "cardinal": "^1.0.0",
        "csv-parse": "^4.6.5",
        "humanize": "^0.0.9",
        "optimist": "^0.6.1"
      },
      "bin": {
        "sifter": "bin/sifter.js"
      }
    },
    "node_modules/sifter/node_modules/ansicolors": {
      "version": "0.2.1",
      "resolved": "https://registry.npmjs.org/ansicolors/-/ansicolors-0.2.1.tgz",
      "integrity": "sha512-tOIuy1/SK/dr94ZA0ckDohKXNeBNqZ4us6PjMVLs5h1w2GBB6uPtOknp2+VF4F/zcy9LI70W+Z+pE2Soajky1w=="
    },
    "node_modules/sifter/node_modules/async": {
      "version": "2.6.4",
      "resolved": "https://registry.npmjs.org/async/-/async-2.6.4.tgz",
      "integrity": "sha512-mzo5dfJYwAn29PeiJ0zvwTo04zj8HDJj0Mn8TD7sno7q12prdbnasKJHhkm2c1LgrhlJ0teaea8860oxi51mGA==",
      "dependencies": {
        "lodash": "^4.17.14"
      }
    },
    "node_modules/sifter/node_modules/cardinal": {
      "version": "1.0.0",
      "resolved": "https://registry.npmjs.org/cardinal/-/cardinal-1.0.0.tgz",
      "integrity": "sha512-INsuF4GyiFLk8C91FPokbKTc/rwHqV4JnfatVZ6GPhguP1qmkRWX2dp5tepYboYdPpGWisLVLI+KsXoXFPRSMg==",
      "dependencies": {
        "ansicolors": "~0.2.1",
        "redeyed": "~1.0.0"
      },
      "bin": {
        "cdl": "bin/cdl.js"
      }
    },
    "node_modules/sifter/node_modules/csv-parse": {
      "version": "4.16.3",
      "resolved": "https://registry.npmjs.org/csv-parse/-/csv-parse-4.16.3.tgz",
      "integrity": "sha512-cO1I/zmz4w2dcKHVvpCr7JVRu8/FymG5OEpmvsZYlccYolPBLoVGKUHgNoc4ZGkFeFlWGEDmMyBM+TTqRdW/wg=="
    },
    "node_modules/sifter/node_modules/esprima": {
      "version": "3.0.0",
      "resolved": "https://registry.npmjs.org/esprima/-/esprima-3.0.0.tgz",
      "integrity": "sha512-xoBq/MIShSydNZOkjkoCEjqod963yHNXTLC40ypBhop6yPqflPz/vTinmCfSrGcywVLnSftRf6a0kJLdFdzemw==",
      "bin": {
        "esparse": "bin/esparse.js",
        "esvalidate": "bin/esvalidate.js"
      },
      "engines": {
        "node": ">=0.10.0"
      }
    },
    "node_modules/sifter/node_modules/optimist": {
      "version": "0.6.1",
      "resolved": "https://registry.npmjs.org/optimist/-/optimist-0.6.1.tgz",
      "integrity": "sha512-snN4O4TkigujZphWLN0E//nQmm7790RYaE53DdL7ZYwee2D8DDo9/EyYiKUfN3rneWUjhJnueija3G9I2i0h3g==",
      "dependencies": {
        "minimist": "~0.0.1",
        "wordwrap": "~0.0.2"
      }
    },
    "node_modules/sifter/node_modules/redeyed": {
      "version": "1.0.1",
      "resolved": "https://registry.npmjs.org/redeyed/-/redeyed-1.0.1.tgz",
      "integrity": "sha512-8eEWsNCkV2rvwKLS1Cvp5agNjMhwRe2um+y32B2+3LqOzg4C9BBPs6vzAfV16Ivb8B9HPNKIqd8OrdBws8kNlQ==",
      "dependencies": {
        "esprima": "~3.0.0"
      }
    },
    "node_modules/source-map-js": {
      "version": "1.0.2",
      "resolved": "https://registry.npmjs.org/source-map-js/-/source-map-js-1.0.2.tgz",
      "integrity": "sha512-R0XvVJ9WusLiqTCEiGCmICCMplcCkIwwR11mOSD9CR5u+IXYdiseeEuXCVAjS54zqwkLcPNnmU4OeJ6tUrWhDw==",
      "dev": true,
      "engines": {
        "node": ">=0.10.0"
      }
    },
    "node_modules/supports-preserve-symlinks-flag": {
      "version": "1.0.0",
      "resolved": "https://registry.npmjs.org/supports-preserve-symlinks-flag/-/supports-preserve-symlinks-flag-1.0.0.tgz",
      "integrity": "sha512-ot0WnXS9fgdkgIcePe6RHNk1WA8+muPa6cSjeR3V8K27q9BB1rTE3R1p7Hv0z1ZyAc8s6Vvv8DIyWf681MAt0w==",
      "dev": true,
      "engines": {
        "node": ">= 0.4"
      },
      "funding": {
        "url": "https://github.com/sponsors/ljharb"
      }
    },
    "node_modules/tom-select": {
      "version": "2.1.0",
      "resolved": "https://registry.npmjs.org/tom-select/-/tom-select-2.1.0.tgz",
      "integrity": "sha512-NtE8kACBlMv4QaDakYfnXtEAgM/AVmM7Hw5FNQmij0uwgRgyXC/2kpNJPD1AdT5q/l6mUNkTnInQpTmrwX/tWQ==",
      "dependencies": {
        "@orchidjs/sifter": "^0.9.2"
      },
      "engines": {
        "node": "*"
      },
      "funding": {
        "type": "opencollective",
        "url": "https://opencollective.com/tom-select"
      }
    },
    "node_modules/vite": {
      "version": "3.0.4",
      "resolved": "https://registry.npmjs.org/vite/-/vite-3.0.4.tgz",
      "integrity": "sha512-NU304nqnBeOx2MkQnskBQxVsa0pRAH5FphokTGmyy8M3oxbvw7qAXts2GORxs+h/2vKsD+osMhZ7An6yK6F1dA==",
      "dev": true,
      "dependencies": {
        "esbuild": "^0.14.47",
        "postcss": "^8.4.14",
        "resolve": "^1.22.1",
        "rollup": "^2.75.6"
      },
      "bin": {
        "vite": "bin/vite.js"
      },
      "engines": {
        "node": "^14.18.0 || >=16.0.0"
      },
      "optionalDependencies": {
        "fsevents": "~2.3.2"
      },
      "peerDependencies": {
        "less": "*",
        "sass": "*",
        "stylus": "*",
        "terser": "^5.4.0"
      },
      "peerDependenciesMeta": {
        "less": {
          "optional": true
        },
        "sass": {
          "optional": true
        },
        "stylus": {
          "optional": true
        },
        "terser": {
          "optional": true
        }
      }
    },
    "node_modules/wordwrap": {
      "version": "0.0.3",
      "resolved": "https://registry.npmjs.org/wordwrap/-/wordwrap-0.0.3.tgz",
      "integrity": "sha512-1tMA907+V4QmxV7dbRvb4/8MaRALK6q9Abid3ndMYnbyo8piisCmeONVqVSXqQA3KaP4SLt5b7ud6E2sqP8TFw==",
      "engines": {
        "node": ">=0.4.0"
      }
    }
  },
  "dependencies": {
    "@esbuild/linux-loong64": {
      "version": "0.14.53",
      "resolved": "https://registry.npmjs.org/@esbuild/linux-loong64/-/linux-loong64-0.14.53.tgz",
      "integrity": "sha512-W2dAL6Bnyn4xa/QRSU3ilIK4EzD5wgYXKXJiS1HDF5vU3675qc2bvFyLwbUcdmssDveyndy7FbitrCoiV/eMLg==",
      "dev": true,
      "optional": true
    },
    "@orchidjs/sifter": {
      "version": "0.9.3",
      "resolved": "https://registry.npmjs.org/@orchidjs/sifter/-/sifter-0.9.3.tgz",
      "integrity": "sha512-9XGiAJcWvEektxjR9X+dYeG+kg8GdojM6ZCmrnuDaWoVew+GAKxiesvYxyY+RLUgWTv8B1qpLIVYlswxKcW5XQ=="
    },
    "cytoscape": {
      "version": "3.22.1",
      "resolved": "https://registry.npmjs.org/cytoscape/-/cytoscape-3.22.1.tgz",
      "integrity": "sha512-+wMWCXI+c6h7xhh0BQpttOPO7zIB7z6KyDd7D+8AkRhE9E6csXNnV5inBkdo2mxbBoll1jePVxXHqxA2J5cAog==",
      "requires": {
        "heap": "^0.2.6",
        "lodash": "^4.17.21"
      }
    },
    "esbuild": {
      "version": "0.14.53",
      "resolved": "https://registry.npmjs.org/esbuild/-/esbuild-0.14.53.tgz",
      "integrity": "sha512-ohO33pUBQ64q6mmheX1mZ8mIXj8ivQY/L4oVuAshr+aJI+zLl+amrp3EodrUNDNYVrKJXGPfIHFGhO8slGRjuw==",
      "dev": true,
      "requires": {
        "@esbuild/linux-loong64": "0.14.53",
        "esbuild-android-64": "0.14.53",
        "esbuild-android-arm64": "0.14.53",
        "esbuild-darwin-64": "0.14.53",
        "esbuild-darwin-arm64": "0.14.53",
        "esbuild-freebsd-64": "0.14.53",
        "esbuild-freebsd-arm64": "0.14.53",
        "esbuild-linux-32": "0.14.53",
        "esbuild-linux-64": "0.14.53",
        "esbuild-linux-arm": "0.14.53",
        "esbuild-linux-arm64": "0.14.53",
        "esbuild-linux-mips64le": "0.14.53",
        "esbuild-linux-ppc64le": "0.14.53",
        "esbuild-linux-riscv64": "0.14.53",
        "esbuild-linux-s390x": "0.14.53",
        "esbuild-netbsd-64": "0.14.53",
        "esbuild-openbsd-64": "0.14.53",
        "esbuild-sunos-64": "0.14.53",
        "esbuild-windows-32": "0.14.53",
        "esbuild-windows-64": "0.14.53",
        "esbuild-windows-arm64": "0.14.53"
      }
    },
    "esbuild-android-64": {
      "version": "0.14.53",
      "resolved": "https://registry.npmjs.org/esbuild-android-64/-/esbuild-android-64-0.14.53.tgz",
      "integrity": "sha512-fIL93sOTnEU+NrTAVMIKiAw0YH22HWCAgg4N4Z6zov2t0kY9RAJ50zY9ZMCQ+RT6bnOfDt8gCTnt/RaSNA2yRA==",
      "dev": true,
      "optional": true
    },
    "esbuild-android-arm64": {
      "version": "0.14.53",
      "resolved": "https://registry.npmjs.org/esbuild-android-arm64/-/esbuild-android-arm64-0.14.53.tgz",
      "integrity": "sha512-PC7KaF1v0h/nWpvlU1UMN7dzB54cBH8qSsm7S9mkwFA1BXpaEOufCg8hdoEI1jep0KeO/rjZVWrsH8+q28T77A==",
      "dev": true,
      "optional": true
    },
    "esbuild-darwin-64": {
      "version": "0.14.53",
      "resolved": "https://registry.npmjs.org/esbuild-darwin-64/-/esbuild-darwin-64-0.14.53.tgz",
      "integrity": "sha512-gE7P5wlnkX4d4PKvLBUgmhZXvL7lzGRLri17/+CmmCzfncIgq8lOBvxGMiQ4xazplhxq+72TEohyFMZLFxuWvg==",
      "dev": true,
      "optional": true
    },
    "esbuild-darwin-arm64": {
      "version": "0.14.53",
      "resolved": "https://registry.npmjs.org/esbuild-darwin-arm64/-/esbuild-darwin-arm64-0.14.53.tgz",
      "integrity": "sha512-otJwDU3hnI15Q98PX4MJbknSZ/WSR1I45il7gcxcECXzfN4Mrpft5hBDHXNRnCh+5858uPXBXA1Vaz2jVWLaIA==",
      "dev": true,
      "optional": true
    },
    "esbuild-freebsd-64": {
      "version": "0.14.53",
      "resolved": "https://registry.npmjs.org/esbuild-freebsd-64/-/esbuild-freebsd-64-0.14.53.tgz",
      "integrity": "sha512-WkdJa8iyrGHyKiPF4lk0MiOF87Q2SkE+i+8D4Cazq3/iqmGPJ6u49je300MFi5I2eUsQCkaOWhpCVQMTKGww2w==",
      "dev": true,
      "optional": true
    },
    "esbuild-freebsd-arm64": {
      "version": "0.14.53",
      "resolved": "https://registry.npmjs.org/esbuild-freebsd-arm64/-/esbuild-freebsd-arm64-0.14.53.tgz",
      "integrity": "sha512-9T7WwCuV30NAx0SyQpw8edbKvbKELnnm1FHg7gbSYaatH+c8WJW10g/OdM7JYnv7qkimw2ZTtSA+NokOLd2ydQ==",
      "dev": true,
      "optional": true
    },
    "esbuild-linux-32": {
      "version": "0.14.53",
      "resolved": "https://registry.npmjs.org/esbuild-linux-32/-/esbuild-linux-32-0.14.53.tgz",
      "integrity": "sha512-VGanLBg5en2LfGDgLEUxQko2lqsOS7MTEWUi8x91YmsHNyzJVT/WApbFFx3MQGhkf+XdimVhpyo5/G0PBY91zg==",
      "dev": true,
      "optional": true
    },
    "esbuild-linux-64": {
      "version": "0.14.53",
      "resolved": "https://registry.npmjs.org/esbuild-linux-64/-/esbuild-linux-64-0.14.53.tgz",
      "integrity": "sha512-pP/FA55j/fzAV7N9DF31meAyjOH6Bjuo3aSKPh26+RW85ZEtbJv9nhoxmGTd9FOqjx59Tc1ZbrJabuiXlMwuZQ==",
      "dev": true,
      "optional": true
    },
    "esbuild-linux-arm": {
      "version": "0.14.53",
      "resolved": "https://registry.npmjs.org/esbuild-linux-arm/-/esbuild-linux-arm-0.14.53.tgz",
      "integrity": "sha512-/u81NGAVZMopbmzd21Nu/wvnKQK3pT4CrvQ8BTje1STXcQAGnfyKgQlj3m0j2BzYbvQxSy+TMck4TNV2onvoPA==",
      "dev": true,
      "optional": true
    },
    "esbuild-linux-arm64": {
      "version": "0.14.53",
      "resolved": "https://registry.npmjs.org/esbuild-linux-arm64/-/esbuild-linux-arm64-0.14.53.tgz",
      "integrity": "sha512-GDmWITT+PMsjCA6/lByYk7NyFssW4Q6in32iPkpjZ/ytSyH+xeEx8q7HG3AhWH6heemEYEWpTll/eui3jwlSnw==",
      "dev": true,
      "optional": true
    },
    "esbuild-linux-mips64le": {
      "version": "0.14.53",
      "resolved": "https://registry.npmjs.org/esbuild-linux-mips64le/-/esbuild-linux-mips64le-0.14.53.tgz",
      "integrity": "sha512-d6/XHIQW714gSSp6tOOX2UscedVobELvQlPMkInhx1NPz4ThZI9uNLQ4qQJHGBGKGfu+rtJsxM4NVHLhnNRdWQ==",
      "dev": true,
      "optional": true
    },
    "esbuild-linux-ppc64le": {
      "version": "0.14.53",
      "resolved": "https://registry.npmjs.org/esbuild-linux-ppc64le/-/esbuild-linux-ppc64le-0.14.53.tgz",
      "integrity": "sha512-ndnJmniKPCB52m+r6BtHHLAOXw+xBCWIxNnedbIpuREOcbSU/AlyM/2dA3BmUQhsHdb4w3amD5U2s91TJ3MzzA==",
      "dev": true,
      "optional": true
    },
    "esbuild-linux-riscv64": {
      "version": "0.14.53",
      "resolved": "https://registry.npmjs.org/esbuild-linux-riscv64/-/esbuild-linux-riscv64-0.14.53.tgz",
      "integrity": "sha512-yG2sVH+QSix6ct4lIzJj329iJF3MhloLE6/vKMQAAd26UVPVkhMFqFopY+9kCgYsdeWvXdPgmyOuKa48Y7+/EQ==",
      "dev": true,
      "optional": true
    },
    "esbuild-linux-s390x": {
      "version": "0.14.53",
      "resolved": "https://registry.npmjs.org/esbuild-linux-s390x/-/esbuild-linux-s390x-0.14.53.tgz",
      "integrity": "sha512-OCJlgdkB+XPYndHmw6uZT7jcYgzmx9K+28PVdOa/eLjdoYkeAFvH5hTwX4AXGLZLH09tpl4bVsEtvuyUldaNCg==",
      "dev": true,
      "optional": true
    },
    "esbuild-netbsd-64": {
      "version": "0.14.53",
      "resolved": "https://registry.npmjs.org/esbuild-netbsd-64/-/esbuild-netbsd-64-0.14.53.tgz",
      "integrity": "sha512-gp2SB+Efc7MhMdWV2+pmIs/Ja/Mi5rjw+wlDmmbIn68VGXBleNgiEZG+eV2SRS0kJEUyHNedDtwRIMzaohWedQ==",
      "dev": true,
      "optional": true
    },
    "esbuild-openbsd-64": {
      "version": "0.14.53",
      "resolved": "https://registry.npmjs.org/esbuild-openbsd-64/-/esbuild-openbsd-64-0.14.53.tgz",
      "integrity": "sha512-eKQ30ZWe+WTZmteDYg8S+YjHV5s4iTxeSGhJKJajFfQx9TLZJvsJX0/paqwP51GicOUruFpSUAs2NCc0a4ivQQ==",
      "dev": true,
      "optional": true
    },
    "esbuild-sunos-64": {
      "version": "0.14.53",
      "resolved": "https://registry.npmjs.org/esbuild-sunos-64/-/esbuild-sunos-64-0.14.53.tgz",
      "integrity": "sha512-OWLpS7a2FrIRukQqcgQqR1XKn0jSJoOdT+RlhAxUoEQM/IpytS3FXzCJM6xjUYtpO5GMY0EdZJp+ur2pYdm39g==",
      "dev": true,
      "optional": true
    },
    "esbuild-windows-32": {
      "version": "0.14.53",
      "resolved": "https://registry.npmjs.org/esbuild-windows-32/-/esbuild-windows-32-0.14.53.tgz",
      "integrity": "sha512-m14XyWQP5rwGW0tbEfp95U6A0wY0DYPInWBB7D69FAXUpBpBObRoGTKRv36lf2RWOdE4YO3TNvj37zhXjVL5xg==",
      "dev": true,
      "optional": true
    },
    "esbuild-windows-64": {
      "version": "0.14.53",
      "resolved": "https://registry.npmjs.org/esbuild-windows-64/-/esbuild-windows-64-0.14.53.tgz",
      "integrity": "sha512-s9skQFF0I7zqnQ2K8S1xdLSfZFsPLuOGmSx57h2btSEswv0N0YodYvqLcJMrNMXh6EynOmWD7rz+0rWWbFpIHQ==",
      "dev": true,
      "optional": true
    },
    "esbuild-windows-arm64": {
      "version": "0.14.53",
      "resolved": "https://registry.npmjs.org/esbuild-windows-arm64/-/esbuild-windows-arm64-0.14.53.tgz",
      "integrity": "sha512-E+5Gvb+ZWts+00T9II6wp2L3KG2r3iGxByqd/a1RmLmYWVsSVUjkvIxZuJ3hYTIbhLkH5PRwpldGTKYqVz0nzQ==",
      "dev": true,
      "optional": true
    },
    "fsevents": {
      "version": "2.3.2",
      "resolved": "https://registry.npmjs.org/fsevents/-/fsevents-2.3.2.tgz",
      "integrity": "sha512-xiqMQR4xAeHTuB9uWm+fFRcIOgKBMiOBP+eXiyT7jsgVCq1bkVygt00oASowB7EdtpOHaaPgKt812P9ab+DDKA==",
      "dev": true,
      "optional": true
    },
    "function-bind": {
      "version": "1.1.1",
      "resolved": "https://registry.npmjs.org/function-bind/-/function-bind-1.1.1.tgz",
      "integrity": "sha512-yIovAzMX49sF8Yl58fSCWJ5svSLuaibPxXQJFLmBObTuCr0Mf1KiPopGM9NiFjiYBCbfaa2Fh6breQ6ANVTI0A==",
      "dev": true
    },
    "has": {
      "version": "1.0.3",
      "resolved": "https://registry.npmjs.org/has/-/has-1.0.3.tgz",
      "integrity": "sha512-f2dvO0VU6Oej7RkWJGrehjbzMAjFp5/VKPp5tTpWIV4JHHZK1/BxbFRtf/siA2SWTe09caDmVtYYzWEIbBS4zw==",
      "dev": true,
      "requires": {
        "function-bind": "^1.1.1"
      }
    },
    "heap": {
      "version": "0.2.7",
      "resolved": "https://registry.npmjs.org/heap/-/heap-0.2.7.tgz",
      "integrity": "sha512-2bsegYkkHO+h/9MGbn6KWcE45cHZgPANo5LXF7EvWdT0yT2EguSVO1nDgU5c8+ZOPwp2vMNa7YFsJhVcDR9Sdg=="
    },
    "humanize": {
      "version": "0.0.9",
      "resolved": "https://registry.npmjs.org/humanize/-/humanize-0.0.9.tgz",
      "integrity": "sha512-bvZZ7vXpr1RKoImjuQ45hJb5OvE2oJafHysiD/AL3nkqTZH2hFCjQ3YZfCd63FefDitbJze/ispUPP0gfDsT2Q=="
    },
    "is-core-module": {
      "version": "2.10.0",
      "resolved": "https://registry.npmjs.org/is-core-module/-/is-core-module-2.10.0.tgz",
      "integrity": "sha512-Erxj2n/LDAZ7H8WNJXd9tw38GYM3dv8rk8Zcs+jJuxYTW7sozH+SS8NtrSjVL1/vpLvWi1hxy96IzjJ3EHTJJg==",
      "dev": true,
      "requires": {
        "has": "^1.0.3"
      }
    },
    "lodash": {
      "version": "4.17.21",
      "resolved": "https://registry.npmjs.org/lodash/-/lodash-4.17.21.tgz",
      "integrity": "sha512-v2kDEe57lecTulaDIuNTPy3Ry4gLGJ6Z1O3vE1krgXZNrsQ+LFTGHVxVjcXPs17LhbZVGedAJv8XZ1tvj5FvSg=="
    },
    "microplugin": {
      "version": "0.0.3",
      "resolved": "https://registry.npmjs.org/microplugin/-/microplugin-0.0.3.tgz",
      "integrity": "sha512-3wKXex4/iyALV0GX2juow66J9dabkEMgHeZAihdLTaRTzm0N+RubXioNPpfIQDPuBRxr3JbjNt7B0Lr/3yE9yQ=="
    },
    "minimist": {
      "version": "0.0.10",
      "resolved": "https://registry.npmjs.org/minimist/-/minimist-0.0.10.tgz",
      "integrity": "sha512-iotkTvxc+TwOm5Ieim8VnSNvCDjCK9S8G3scJ50ZthspSxa7jx50jkhYduuAtAjvfDUwSgOwf8+If99AlOEhyw=="
    },
    "nanoid": {
      "version": "3.3.4",
      "resolved": "https://registry.npmjs.org/nanoid/-/nanoid-3.3.4.tgz",
      "integrity": "sha512-MqBkQh/OHTS2egovRtLk45wEyNXwF+cokD+1YPf9u5VfJiRdAiRwB2froX5Co9Rh20xs4siNPm8naNotSD6RBw==",
      "dev": true
    },
    "path-parse": {
      "version": "1.0.7",
      "resolved": "https://registry.npmjs.org/path-parse/-/path-parse-1.0.7.tgz",
      "integrity": "sha512-LDJzPVEEEPR+y48z93A0Ed0yXb8pAByGWo/k5YYdYgpY2/2EsOsksJrq7lOHxryrVOn1ejG6oAp8ahvOIQD8sw==",
      "dev": true
    },
    "picocolors": {
      "version": "1.0.0",
      "resolved": "https://registry.npmjs.org/picocolors/-/picocolors-1.0.0.tgz",
      "integrity": "sha512-1fygroTLlHu66zi26VoTDv8yRgm0Fccecssto+MhsZ0D/DGW2sm8E8AjW7NU5VVTRt5GxbeZ5qBuJr+HyLYkjQ==",
      "dev": true
    },
    "postcss": {
      "version": "8.4.14",
      "resolved": "https://registry.npmjs.org/postcss/-/postcss-8.4.14.tgz",
      "integrity": "sha512-E398TUmfAYFPBSdzgeieK2Y1+1cpdxJx8yXbK/m57nRhKSmk1GB2tO4lbLBtlkfPQTDKfe4Xqv1ASWPpayPEig==",
      "dev": true,
      "requires": {
        "nanoid": "^3.3.4",
        "picocolors": "^1.0.0",
        "source-map-js": "^1.0.2"
      }
    },
    "resolve": {
      "version": "1.22.1",
      "resolved": "https://registry.npmjs.org/resolve/-/resolve-1.22.1.tgz",
      "integrity": "sha512-nBpuuYuY5jFsli/JIs1oldw6fOQCBioohqWZg/2hiaOybXOft4lonv85uDOKXdf8rhyK159cxU5cDcK/NKk8zw==",
      "dev": true,
      "requires": {
        "is-core-module": "^2.9.0",
        "path-parse": "^1.0.7",
        "supports-preserve-symlinks-flag": "^1.0.0"
      }
    },
    "rollup": {
      "version": "2.77.2",
      "resolved": "https://registry.npmjs.org/rollup/-/rollup-2.77.2.tgz",
      "integrity": "sha512-m/4YzYgLcpMQbxX3NmAqDvwLATZzxt8bIegO78FZLl+lAgKJBd1DRAOeEiZcKOIOPjxE6ewHWHNgGEalFXuz1g==",
      "dev": true,
      "requires": {
        "fsevents": "~2.3.2"
      }
    },
    "sifter": {
      "version": "0.5.4",
      "resolved": "https://registry.npmjs.org/sifter/-/sifter-0.5.4.tgz",
      "integrity": "sha512-t2yxTi/MM/ESup7XH5oMu8PUcttlekt269RqxARgnvS+7D/oP6RyA1x3M/5w8dG9OgkOyQ8hNRWelQ8Rj4TAQQ==",
      "requires": {
        "async": "^2.6.0",
        "cardinal": "^1.0.0",
        "csv-parse": "^4.6.5",
        "humanize": "^0.0.9",
        "optimist": "^0.6.1"
      },
      "dependencies": {
        "ansicolors": {
          "version": "0.2.1",
          "resolved": "https://registry.npmjs.org/ansicolors/-/ansicolors-0.2.1.tgz",
          "integrity": "sha512-tOIuy1/SK/dr94ZA0ckDohKXNeBNqZ4us6PjMVLs5h1w2GBB6uPtOknp2+VF4F/zcy9LI70W+Z+pE2Soajky1w=="
        },
        "async": {
          "version": "2.6.4",
          "resolved": "https://registry.npmjs.org/async/-/async-2.6.4.tgz",
          "integrity": "sha512-mzo5dfJYwAn29PeiJ0zvwTo04zj8HDJj0Mn8TD7sno7q12prdbnasKJHhkm2c1LgrhlJ0teaea8860oxi51mGA==",
          "requires": {
            "lodash": "^4.17.14"
          }
        },
        "cardinal": {
          "version": "1.0.0",
          "resolved": "https://registry.npmjs.org/cardinal/-/cardinal-1.0.0.tgz",
          "integrity": "sha512-INsuF4GyiFLk8C91FPokbKTc/rwHqV4JnfatVZ6GPhguP1qmkRWX2dp5tepYboYdPpGWisLVLI+KsXoXFPRSMg==",
          "requires": {
            "ansicolors": "~0.2.1",
            "redeyed": "~1.0.0"
          }
        },
        "csv-parse": {
          "version": "4.16.3",
          "resolved": "https://registry.npmjs.org/csv-parse/-/csv-parse-4.16.3.tgz",
          "integrity": "sha512-cO1I/zmz4w2dcKHVvpCr7JVRu8/FymG5OEpmvsZYlccYolPBLoVGKUHgNoc4ZGkFeFlWGEDmMyBM+TTqRdW/wg=="
        },
        "esprima": {
          "version": "3.0.0",
          "resolved": "https://registry.npmjs.org/esprima/-/esprima-3.0.0.tgz",
          "integrity": "sha512-xoBq/MIShSydNZOkjkoCEjqod963yHNXTLC40ypBhop6yPqflPz/vTinmCfSrGcywVLnSftRf6a0kJLdFdzemw=="
        },
        "optimist": {
          "version": "0.6.1",
          "resolved": "https://registry.npmjs.org/optimist/-/optimist-0.6.1.tgz",
          "integrity": "sha512-snN4O4TkigujZphWLN0E//nQmm7790RYaE53DdL7ZYwee2D8DDo9/EyYiKUfN3rneWUjhJnueija3G9I2i0h3g==",
          "requires": {
            "minimist": "~0.0.1",
            "wordwrap": "~0.0.2"
          }
        },
        "redeyed": {
          "version": "1.0.1",
          "resolved": "https://registry.npmjs.org/redeyed/-/redeyed-1.0.1.tgz",
          "integrity": "sha512-8eEWsNCkV2rvwKLS1Cvp5agNjMhwRe2um+y32B2+3LqOzg4C9BBPs6vzAfV16Ivb8B9HPNKIqd8OrdBws8kNlQ==",
          "requires": {
            "esprima": "~3.0.0"
          }
        }
      }
    },
    "source-map-js": {
      "version": "1.0.2",
      "resolved": "https://registry.npmjs.org/source-map-js/-/source-map-js-1.0.2.tgz",
      "integrity": "sha512-R0XvVJ9WusLiqTCEiGCmICCMplcCkIwwR11mOSD9CR5u+IXYdiseeEuXCVAjS54zqwkLcPNnmU4OeJ6tUrWhDw==",
      "dev": true
    },
    "supports-preserve-symlinks-flag": {
      "version": "1.0.0",
      "resolved": "https://registry.npmjs.org/supports-preserve-symlinks-flag/-/supports-preserve-symlinks-flag-1.0.0.tgz",
      "integrity": "sha512-ot0WnXS9fgdkgIcePe6RHNk1WA8+muPa6cSjeR3V8K27q9BB1rTE3R1p7Hv0z1ZyAc8s6Vvv8DIyWf681MAt0w==",
      "dev": true
    },
    "tom-select": {
      "version": "2.1.0",
      "resolved": "https://registry.npmjs.org/tom-select/-/tom-select-2.1.0.tgz",
      "integrity": "sha512-NtE8kACBlMv4QaDakYfnXtEAgM/AVmM7Hw5FNQmij0uwgRgyXC/2kpNJPD1AdT5q/l6mUNkTnInQpTmrwX/tWQ==",
      "requires": {
        "@orchidjs/sifter": "^0.9.2"
      }
    },
    "vite": {
      "version": "3.0.4",
      "resolved": "https://registry.npmjs.org/vite/-/vite-3.0.4.tgz",
      "integrity": "sha512-NU304nqnBeOx2MkQnskBQxVsa0pRAH5FphokTGmyy8M3oxbvw7qAXts2GORxs+h/2vKsD+osMhZ7An6yK6F1dA==",
      "dev": true,
      "requires": {
        "esbuild": "^0.14.47",
        "fsevents": "~2.3.2",
        "postcss": "^8.4.14",
        "resolve": "^1.22.1",
        "rollup": "^2.75.6"
      }
    },
    "wordwrap": {
      "version": "0.0.3",
      "resolved": "https://registry.npmjs.org/wordwrap/-/wordwrap-0.0.3.tgz",
      "integrity": "sha512-1tMA907+V4QmxV7dbRvb4/8MaRALK6q9Abid3ndMYnbyo8piisCmeONVqVSXqQA3KaP4SLt5b7ud6E2sqP8TFw=="
    }
  }
}
